
Microsoft Visual Studio Solution File, Format Version 12.00
# Visual Studio 14
VisualStudioVersion = 14.0.25420.1
MinimumVisualStudioVersion = 10.0.40219.1
Project("{FAE04EC0-301F-11D3-BF4B-00C04F79EFBC}") = "DAL", "DAL\DAL.csproj", "{50C1DAF8-2A50-4467-B1E3-1507A945C6CF}"
EndProject
Project("{FAE04EC0-301F-11D3-BF4B-00C04F79EFBC}") = "BLL", "BLL\BLL.csproj", "{381731F2-2026-449C-906B-564B41105660}"
EndProject
Project("{FAE04EC0-301F-11D3-BF4B-00C04F79EFBC}") = "UI", "UI\UI.csproj", "{EF21A18F-1951-47AB-A30B-17B6BD651A8F}"
EndProject
Global
	GlobalSection(SolutionConfigurationPlatforms) = preSolution
		Debug|Any CPU = Debug|Any CPU
		Release|Any CPU = Release|Any CPU
	EndGlobalSection
	GlobalSection(ProjectConfigurationPlatforms) = postSolution
		{50C1DAF8-2A50-4467-B1E3-1507A945C6CF}.Debug|Any CPU.ActiveCfg = Debug|Any CPU
		{50C1DAF8-2A50-4467-B1E3-1507A945C6CF}.Debug|Any CPU.Build.0 = Debug|Any CPU
		{50C1DAF8-2A50-4467-B1E3-1507A945C6CF}.Release|Any CPU.ActiveCfg = Release|Any CPU
		{50C1DAF8-2A50-4467-B1E3-1507A945C6CF}.Release|Any CPU.Build.0 = Release|Any CPU
		{381731F2-2026-449C-906B-564B41105660}.Debug|Any CPU.ActiveCfg = Debug|Any CPU
		{381731F2-2026-449C-906B-564B41105660}.Debug|Any CPU.Build.0 = Debug|Any CPU
		{381731F2-2026-449C-906B-564B41105660}.Release|Any CPU.ActiveCfg = Release|Any CPU
		{381731F2-2026-449C-906B-564B41105660}.Release|Any CPU.Build.0 = Release|Any CPU
		{EF21A18F-1951-47AB-A30B-17B6BD651A8F}.Debug|Any CPU.ActiveCfg = Debug|Any CPU
		{EF21A18F-1951-47AB-A30B-17B6BD651A8F}.Debug|Any CPU.Build.0 = Debug|Any CPU
		{EF21A18F-1951-47AB-A30B-17B6BD651A8F}.Release|Any CPU.ActiveCfg = Release|Any CPU
		{EF21A18F-1951-47AB-A30B-17B6BD651A8F}.Release|Any CPU.Build.0 = Release|Any CPU
	EndGlobalSection
	GlobalSection(SolutionProperties) = preSolution
		HideSolutionNode = FALSE
	EndGlobalSection
EndGlobal
